{
  "name": "contracts",
  "lockfileVersion": 3,
  "requires": true,
  "packages": {
    "": {
      "dependencies": {
        "uWebSockets.js": "github:uNetworking/uWebSockets.js#v20.43.0",
        "uws": "^200.0.0"
      }
    },
    "node_modules/uWebSockets.js": {
      "version": "20.43.0",
      "resolved": "git+ssh://git@github.com/uNetworking/uWebSockets.js.git#1977b5039938ad863d42fc4958d48c17e5a1fa06",
      "license": "Apache-2.0"
    },
    "node_modules/uws": {
      "version": "200.0.0",
      "resolved": "https://registry.npmjs.org/uws/-/uws-200.0.0.tgz",
      "integrity": "sha512-A2j/p+tJBHZ2MtRoMjVqXMzstpyiZkHcV+XzLQ021h63aqHt5P6l0QkR87L0OASvesjMG42Qo97uyEmPB98+3g=="
    }
  }
}
